
Microsoft Visual Studio Solution File, Format Version 12.00
# Visual Studio 2013
VisualStudioVersion = 12.0.30501.0
MinimumVisualStudioVersion = 10.0.40219.1
Project("{FAE04EC0-301F-11D3-BF4B-00C04F79EFBC}") = "slotmachine", "slotmachine-v2\slotmachine.csproj", "{891FE09E-F197-4389-A920-5AA2F8CA5179}"
EndProject
Project("{2150E333-8FDC-42A3-9474-1A3956D46DE8}") = ".nuget", ".nuget", "{911553CD-27F0-452A-AB37-45E373E528E7}"
	ProjectSection(SolutionItems) = preProject
		.nuget\packages.config = .nuget\packages.config
	EndProjectSection
EndProject
Global
	GlobalSection(SolutionConfigurationPlatforms) = preSolution
		Debug|Any CPU = Debug|Any CPU
		Release|Any CPU = Release|Any CPU
	EndGlobalSection
	GlobalSection(ProjectConfigurationPlatforms) = postSolution
		{891FE09E-F197-4389-A920-5AA2F8CA5179}.Debug|Any CPU.ActiveCfg = Debug|Any CPU
		{891FE09E-F197-4389-A920-5AA2F8CA5179}.Debug|Any CPU.Build.0 = Debug|Any CPU
		{891FE09E-F197-4389-A920-5AA2F8CA5179}.Release|Any CPU.ActiveCfg = Release|Any CPU
		{891FE09E-F197-4389-A920-5AA2F8CA5179}.Release|Any CPU.Build.0 = Release|Any CPU
	EndGlobalSection
	GlobalSection(SolutionProperties) = preSolution
		HideSolutionNode = FALSE
	EndGlobalSection
EndGlobal
